{
  "nodes": {
    "anyrun": {
      "inputs": {
        "flake-parts": "flake-parts",
        "nixpkgs": [
          "nixpkgs"
        ],
        "systems": "systems"
      },
      "locked": {
        "lastModified": 1728852607,
        "narHash": "sha256-PhJdr8b4nZVHts5KMEsf7vCDXVpFIFCa7VlCt+oYpL4=",
        "owner": "Kirottu",
        "repo": "anyrun",
        "rev": "6e0385f6945d701545edc5bccfc5f544e1e12663",
        "type": "github"
      },
      "original": {
        "owner": "Kirottu",
        "repo": "anyrun",
        "type": "github"
      }
    },
    "base16-schemes": {
      "flake": false,
      "locked": {
        "lastModified": 1696158499,
        "narHash": "sha256-5yIHgDTPjoX/3oDEfLSQ0eJZdFL1SaCfb9d6M0RmOTM=",
        "owner": "tinted-theming",
        "repo": "base16-schemes",
        "rev": "a9112eaae86d9dd8ee6bb9445b664fba2f94037a",
        "type": "github"
      },
      "original": {
        "owner": "tinted-theming",
        "repo": "base16-schemes",
        "type": "github"
      }
    },
    "catppuccin": {
      "locked": {
        "lastModified": 1728407414,
        "narHash": "sha256-B8LaxUP93eh+it8RW1pGq4SsU2kj7f0ipzFuhBvpON8=",
        "owner": "catppuccin",
        "repo": "nix",
        "rev": "96cf8b4a05fb23a53c027621b1147b5cf9e5439f",
        "type": "github"
      },
      "original": {
        "owner": "catppuccin",
        "repo": "nix",
        "type": "github"
      }
    },
    "disko": {
      "inputs": {
        "nixpkgs": [
          "nixpkgs"
        ]
      },
      "locked": {
        "lastModified": 1729070567,
        "narHash": "sha256-r3KMTeBLioUtRPRFjdWbpZqfMmQHr6Dj9vjGaj4OhP8=",
        "owner": "nix-community",
        "repo": "disko",
        "rev": "c8760cee70cf166ad6bcee0bd9f0bba934a3a651",
        "type": "github"
      },
      "original": {
        "owner": "nix-community",
        "repo": "disko",
        "type": "github"
      }
    },
    "flake-parts": {
      "inputs": {
        "nixpkgs-lib": [
          "anyrun",
          "nixpkgs"
        ]
      },
      "locked": {
        "lastModified": 1727826117,
        "narHash": "sha256-K5ZLCyfO/Zj9mPFldf3iwS6oZStJcU4tSpiXTMYaaL0=",
        "owner": "hercules-ci",
        "repo": "flake-parts",
        "rev": "3d04084d54bedc3d6b8b736c70ef449225c361b1",
        "type": "github"
      },
      "original": {
        "owner": "hercules-ci",
        "repo": "flake-parts",
        "type": "github"
      }
    },
    "flake-parts_2": {
      "inputs": {
        "nixpkgs-lib": [
          "nixpkgs"
        ]
      },
      "locked": {
        "lastModified": 1727826117,
        "narHash": "sha256-K5ZLCyfO/Zj9mPFldf3iwS6oZStJcU4tSpiXTMYaaL0=",
        "owner": "hercules-ci",
        "repo": "flake-parts",
        "rev": "3d04084d54bedc3d6b8b736c70ef449225c361b1",
        "type": "github"
      },
      "original": {
        "owner": "hercules-ci",
        "repo": "flake-parts",
        "type": "github"
      }
    },
    "home-manager": {
      "inputs": {
        "nixpkgs": [
          "nixpkgs"
        ]
      },
      "locked": {
        "lastModified": 1729027341,
        "narHash": "sha256-IqWD7bA9iJVifvJlB4vs2KUXVhN+d9lECWdNB4jJ0tE=",
        "owner": "nix-community",
        "repo": "home-manager",
        "rev": "2a4fd1cfd8ed5648583dadef86966a8231024221",
        "type": "github"
      },
      "original": {
        "owner": "nix-community",
        "repo": "home-manager",
        "type": "github"
      }
    },
    "impermanence": {
      "locked": {
        "lastModified": 1729068498,
        "narHash": "sha256-C2sGRJl1EmBq0nO98TNd4cbUy20ABSgnHWXLIJQWRFA=",
        "owner": "nix-community",
        "repo": "impermanence",
        "rev": "e337457502571b23e449bf42153d7faa10c0a562",
        "type": "github"
      },
      "original": {
        "owner": "nix-community",
        "repo": "impermanence",
        "type": "github"
      }
    },
    "nix-colors": {
      "inputs": {
        "base16-schemes": "base16-schemes",
        "nixpkgs-lib": "nixpkgs-lib"
      },
      "locked": {
        "lastModified": 1707825078,
        "narHash": "sha256-hTfge2J2W+42SZ7VHXkf4kjU+qzFqPeC9k66jAUBMHk=",
        "owner": "misterio77",
        "repo": "nix-colors",
        "rev": "b01f024090d2c4fc3152cd0cf12027a7b8453ba1",
        "type": "github"
      },
      "original": {
        "owner": "misterio77",
        "repo": "nix-colors",
        "type": "github"
      }
    },
    "nixos-hardware": {
      "locked": {
        "lastModified": 1728729581,
        "narHash": "sha256-oazkQ/z7r43YkDLLQdMg8oIB3CwWNb+2ZrYOxtLEWTQ=",
        "owner": "nixos",
        "repo": "nixos-hardware",
        "rev": "a8dd1b21995964b115b1e3ec639dd6ce24ab9806",
        "type": "github"
      },
      "original": {
        "owner": "nixos",
        "repo": "nixos-hardware",
        "type": "github"
      }
    },
    "nixpkgs": {
      "locked": {
        "lastModified": 1729090839,
        "narHash": "sha256-ZsJprNA2pleBHNeNH/znKL67y1nT+1QmVDsi2d0Fj1s=",
        "owner": "NixOS",
        "repo": "nixpkgs",
        "rev": "e81710fa8b7469a4c6fbef712b52c04273173116",
        "type": "github"
      },
      "original": {
        "owner": "NixOS",
        "repo": "nixpkgs",
        "rev": "e81710fa8b7469a4c6fbef712b52c04273173116",
        "type": "github"
      }
    },
    "nixpkgs-lib": {
      "locked": {
        "lastModified": 1697935651,
        "narHash": "sha256-qOfWjQ2JQSQL15KLh6D7xQhx0qgZlYZTYlcEiRuAMMw=",
        "owner": "nix-community",
        "repo": "nixpkgs.lib",
        "rev": "e1e11fdbb01113d85c7f41cada9d2847660e3902",
        "type": "github"
      },
      "original": {
        "owner": "nix-community",
        "repo": "nixpkgs.lib",
        "type": "github"
      }
    },
    "nur": {
      "locked": {
        "lastModified": 1729091232,
        "narHash": "sha256-BnPP1g/TyBYf2J4hyBUxLGgxTTq6I5H0cejZiBzcqlU=",
        "owner": "nix-community",
        "repo": "NUR",
        "rev": "f622b02d1c0c9b920f3b694c5e10168dce35cc19",
        "type": "github"
      },
      "original": {
        "owner": "nix-community",
        "repo": "NUR",
        "type": "github"
      }
    },
    "root": {
      "inputs": {
        "anyrun": "anyrun",
        "catppuccin": "catppuccin",
        "disko": "disko",
        "flake-parts": "flake-parts_2",
        "home-manager": "home-manager",
        "impermanence": "impermanence",
        "nix-colors": "nix-colors",
        "nixos-hardware": "nixos-hardware",
        "nixpkgs": "nixpkgs",
        "nur": "nur",
        "zsh-omz-plugin-pnpm": "zsh-omz-plugin-pnpm"
      }
    },
    "systems": {
      "locked": {
        "lastModified": 1689347949,
        "narHash": "sha256-12tWmuL2zgBgZkdoB6qXZsgJEH9LR3oUgpaQq2RbI80=",
        "owner": "nix-systems",
        "repo": "default-linux",
        "rev": "31732fcf5e8fea42e59c2488ad31a0e651500f68",
        "type": "github"
      },
      "original": {
        "owner": "nix-systems",
        "repo": "default-linux",
        "type": "github"
      }
    },
    "zsh-omz-plugin-pnpm": {
      "flake": false,
      "locked": {
        "lastModified": 1720998568,
        "narHash": "sha256-KghQa7sn7bWb88eQmbhzWlIYZTj139U6HVuqHqKPd3w=",
        "owner": "ntnyq",
        "repo": "omz-plugin-pnpm",
        "rev": "11b92a22f3a3a93169c40c54095fdff28c33c156",
        "type": "github"
      },
      "original": {
        "owner": "ntnyq",
        "repo": "omz-plugin-pnpm",
        "type": "github"
      }
    }
  },
  "root": "root",
  "version": 7
}
